// !$*UTF8*$!
{
	archiveVersion = 1;
	classes = {
	};
	objectVersion = 50;
	objects = {

/* Begin PBXFileReference section */
		1D42F9F122C1D3E6003154AE /* danielwalden.github.io */ = {isa = PBXFileReference; lastKnownFileType = folder; name = danielwalden.github.io; sourceTree = "<group>"; };
/* End PBXFileReference section */

/* Begin PBXGroup section */
		1D42F9EA22C1D390003154AE = {
			isa = PBXGroup;
			children = (
				1D42F9F122C1D3E6003154AE /* danielwalden.github.io */,
			);
			sourceTree = "<group>";
		};
/* End PBXGroup section */

/* Begin PBXProject section */
		1D42F9EB22C1D390003154AE /* Project object */ = {
			isa = PBXProject;
			attributes = {
				LastUpgradeCheck = 1020;
			};
			buildConfigurationList = 1D42F9EE22C1D390003154AE /* Build configuration list for PBXProject "danielwalden.github.io" */;
			compatibilityVersion = "Xcode 9.3";
			developmentRegion = en;
			hasScannedForEncodings = 0;
			knownRegions = (
				en,
			);
			mainGroup = 1D42F9EA22C1D390003154AE;
			projectDirPath = "";
			projectRoot = "";
			targets = (
			);
		};
/* End PBXProject section */

/* Begin XCBuildConfiguration section */
		1D42F9EF22C1D390003154AE /* Debug */ = {
			isa = XCBuildConfiguration;
			buildSettings = {
			};
			name = Debug;
		};
		1D42F9F022C1D390003154AE /* Release */ = {
			isa = XCBuildConfiguration;
			buildSettings = {
			};
			name = Release;
		};
/* End XCBuildConfiguration section */

/* Begin XCConfigurationList section */
		1D42F9EE22C1D390003154AE /* Build configuration list for PBXProject "danielwalden.github.io" */ = {
			isa = XCConfigurationList;
			buildConfigurations = (
				1D42F9EF22C1D390003154AE /* Debug */,
				1D42F9F022C1D390003154AE /* Release */,
			);
			defaultConfigurationIsVisible = 0;
			defaultConfigurationName = Release;
		};
/* End XCConfigurationList section */
	};
	rootObject = 1D42F9EB22C1D390003154AE /* Project object */;
}
