// !$*UTF8*$!
{
	archiveVersion = 1;
	classes = {
	};
	objectVersion = 50;
	objects = {

/* Begin PBXFileReference section */
		1D1B52C2217D485100A2E598 /* danielwalden.github.io */ = {isa = PBXFileReference; lastKnownFileType = folder; name = danielwalden.github.io; path = ..; sourceTree = "<group>"; };
/* End PBXFileReference section */

/* Begin PBXGroup section */
		1D1B52BB217D475400A2E598 = {
			isa = PBXGroup;
			children = (
				1D1B52C2217D485100A2E598 /* danielwalden.github.io */,
			);
			sourceTree = "<group>";
		};
/* End PBXGroup section */

/* Begin PBXProject section */
		1D1B52BC217D475400A2E598 /* Project object */ = {
			isa = PBXProject;
			attributes = {
				LastUpgradeCheck = 1000;
			};
			buildConfigurationList = 1D1B52BF217D475400A2E598 /* Build configuration list for PBXProject "danielwalden.org" */;
			compatibilityVersion = "Xcode 9.3";
			developmentRegion = en;
			hasScannedForEncodings = 0;
			knownRegions = (
				en,
			);
			mainGroup = 1D1B52BB217D475400A2E598;
			projectDirPath = "";
			projectRoot = "";
			targets = (
			);
		};
/* End PBXProject section */

/* Begin XCBuildConfiguration section */
		1D1B52C0217D475400A2E598 /* Debug */ = {
			isa = XCBuildConfiguration;
			buildSettings = {
			};
			name = Debug;
		};
		1D1B52C1217D475400A2E598 /* Release */ = {
			isa = XCBuildConfiguration;
			buildSettings = {
			};
			name = Release;
		};
/* End XCBuildConfiguration section */

/* Begin XCConfigurationList section */
		1D1B52BF217D475400A2E598 /* Build configuration list for PBXProject "danielwalden.org" */ = {
			isa = XCConfigurationList;
			buildConfigurations = (
				1D1B52C0217D475400A2E598 /* Debug */,
				1D1B52C1217D475400A2E598 /* Release */,
			);
			defaultConfigurationIsVisible = 0;
			defaultConfigurationName = Release;
		};
/* End XCConfigurationList section */
	};
	rootObject = 1D1B52BC217D475400A2E598 /* Project object */;
}
